
Microsoft Visual Studio Solution File, Format Version 12.00
# Visual Studio Version 17
VisualStudioVersion = 17.3.32929.385
MinimumVisualStudioVersion = 10.0.40219.1
Project("{FAE04EC0-301F-11D3-BF4B-00C04F79EFBC}") = "Exec_Number_Q1", "Exec_Number_Q1\Exec_Number_Q1.csproj", "{1F3BA945-3725-4A7C-82D0-CADCD3E4CC0F}"
EndProject
Project("{FAE04EC0-301F-11D3-BF4B-00C04F79EFBC}") = "Exec_Number_Q2", "Exec_Number_Q2\Exec_Number_Q2.csproj", "{DB1D3049-CFFD-47B7-9C00-2545C01174A2}"
EndProject
Project("{FAE04EC0-301F-11D3-BF4B-00C04F79EFBC}") = "Exec_Number_Q3", "Exec_Number_Q3\Exec_Number_Q3.csproj", "{DA972088-4017-4F76-A18A-BBBB9DCD58A9}"
EndProject
Project("{FAE04EC0-301F-11D3-BF4B-00C04F79EFBC}") = "Exec_Number_Q4", "Exec_Number_Q4\Exec_Number_Q4.csproj", "{578823AF-759F-4CB7-AEF3-CEF809A6AF45}"
EndProject
Global
	GlobalSection(SolutionConfigurationPlatforms) = preSolution
		Debug|Any CPU = Debug|Any CPU
		Release|Any CPU = Release|Any CPU
	EndGlobalSection
	GlobalSection(ProjectConfigurationPlatforms) = postSolution
		{1F3BA945-3725-4A7C-82D0-CADCD3E4CC0F}.Debug|Any CPU.ActiveCfg = Debug|Any CPU
		{1F3BA945-3725-4A7C-82D0-CADCD3E4CC0F}.Debug|Any CPU.Build.0 = Debug|Any CPU
		{1F3BA945-3725-4A7C-82D0-CADCD3E4CC0F}.Release|Any CPU.ActiveCfg = Release|Any CPU
		{1F3BA945-3725-4A7C-82D0-CADCD3E4CC0F}.Release|Any CPU.Build.0 = Release|Any CPU
		{DB1D3049-CFFD-47B7-9C00-2545C01174A2}.Debug|Any CPU.ActiveCfg = Debug|Any CPU
		{DB1D3049-CFFD-47B7-9C00-2545C01174A2}.Debug|Any CPU.Build.0 = Debug|Any CPU
		{DB1D3049-CFFD-47B7-9C00-2545C01174A2}.Release|Any CPU.ActiveCfg = Release|Any CPU
		{DB1D3049-CFFD-47B7-9C00-2545C01174A2}.Release|Any CPU.Build.0 = Release|Any CPU
		{DA972088-4017-4F76-A18A-BBBB9DCD58A9}.Debug|Any CPU.ActiveCfg = Debug|Any CPU
		{DA972088-4017-4F76-A18A-BBBB9DCD58A9}.Debug|Any CPU.Build.0 = Debug|Any CPU
		{DA972088-4017-4F76-A18A-BBBB9DCD58A9}.Release|Any CPU.ActiveCfg = Release|Any CPU
		{DA972088-4017-4F76-A18A-BBBB9DCD58A9}.Release|Any CPU.Build.0 = Release|Any CPU
		{578823AF-759F-4CB7-AEF3-CEF809A6AF45}.Debug|Any CPU.ActiveCfg = Debug|Any CPU
		{578823AF-759F-4CB7-AEF3-CEF809A6AF45}.Debug|Any CPU.Build.0 = Debug|Any CPU
		{578823AF-759F-4CB7-AEF3-CEF809A6AF45}.Release|Any CPU.ActiveCfg = Release|Any CPU
		{578823AF-759F-4CB7-AEF3-CEF809A6AF45}.Release|Any CPU.Build.0 = Release|Any CPU
	EndGlobalSection
	GlobalSection(SolutionProperties) = preSolution
		HideSolutionNode = FALSE
	EndGlobalSection
	GlobalSection(ExtensibilityGlobals) = postSolution
		SolutionGuid = {5F1C8C41-9EFC-4B63-8729-C11FC6993B55}
	EndGlobalSection
EndGlobal
